
Microsoft Visual Studio Solution File, Format Version 12.00
# Visual Studio 14
VisualStudioVersion = 14.0.24720.0
MinimumVisualStudioVersion = 10.0.40219.1
Project("{FAE04EC0-301F-11D3-BF4B-00C04F79EFBC}") = "TUM.CMS.VPL.Scripting", "TUM.CMS.VPL.Scripting\TUM.CMS.VPL.Scripting.csproj", "{A8B4A5F8-87BB-489D-A107-F58E818AB82D}"
EndProject
Project("{FAE04EC0-301F-11D3-BF4B-00C04F79EFBC}") = "TUM.CMS.VplControl", "TUM.CMS.VplControl\TUM.CMS.VplControl.csproj", "{593E9BFD-BE78-4487-9E22-76AE7DF0B84A}"
EndProject
Project("{FAE04EC0-301F-11D3-BF4B-00C04F79EFBC}") = "TUM.CMS.VplControl.BimPlus", "TUM.CMS.VplControl.BimPlus\TUM.CMS.VplControl.BimPlus.csproj", "{990EBBEA-0005-4D43-A4FA-2606F46AD80B}"
EndProject
Project("{FAE04EC0-301F-11D3-BF4B-00C04F79EFBC}") = "TUM.CMS.VplControl.Watch3D", "TUM.CMS.VplControl.Watch3D\TUM.CMS.VplControl.Watch3D.csproj", "{39C73FB5-D284-409D-835A-803090E867C9}"
EndProject
Project("{FAE04EC0-301F-11D3-BF4B-00C04F79EFBC}") = "TUM.CMS.VplControl.Rules", "TUM.CMS.VplControl.Rules\TUM.CMS.VplControl.Rules.csproj", "{345721E4-F125-4E00-A8CC-C2C31CF59424}"
EndProject
Project("{FAE04EC0-301F-11D3-BF4B-00C04F79EFBC}") = "TUM.CMS.NodeClassGenerator", "TUM.CMS.NodeClassGenerator\TUM.CMS.NodeClassGenerator.csproj", "{E7781C0B-E040-4D1A-A929-92FF22AEA95D}"
EndProject
Project("{FAE04EC0-301F-11D3-BF4B-00C04F79EFBC}") = "TUM.CMS.VplControl.IFC", "TUM.CMS.VplControl.IFC\TUM.CMS.VplControl.IFC.csproj", "{EE4180F1-9C43-4B0B-B3B6-DA16364EB5F3}"
EndProject
Project("{FAE04EC0-301F-11D3-BF4B-00C04F79EFBC}") = "TUM.CMS.VplControl.Relations", "TUM.CMS.VplControl.Relations\TUM.CMS.VplControl.Relations.csproj", "{7998936E-8D8F-42D7-A7CB-5CBFDE36CEC2}"
EndProject
Project("{FAE04EC0-301F-11D3-BF4B-00C04F79EFBC}") = "TUM.CMS.VplControl.BimPlusTest", "TUM.CMS.VplControl.BimPlusTest\TUM.CMS.VplControl.BimPlusTest.csproj", "{35541160-3D5F-4903-93F0-94D7F3EE2687}"
EndProject
Project("{FAE04EC0-301F-11D3-BF4B-00C04F79EFBC}") = "TUM.CMS.VplControl.Watch3Dx", "TUM.CMS.VplControl.Watch3Dx\TUM.CMS.VplControl.Watch3Dx.csproj", "{BEBDB071-0B4A-459E-81CE-49A12391D1D5}"
EndProject
Project("{FAE04EC0-301F-11D3-BF4B-00C04F79EFBC}") = "TUM.CMS.VplControl.Test", "TUM.CMS.VplControl.Test\TUM.CMS.VplControl.Test.csproj", "{A2AAA7E5-91CA-4349-8569-0A21037CE666}"
EndProject
Project("{FAE04EC0-301F-11D3-BF4B-00C04F79EFBC}") = "TUM.CMS.VplControl.BimPlusTest_2", "TUM.CMS.VplControl.BimPlusTest_2\TUM.CMS.VplControl.BimPlusTest_2.csproj", "{C8E1245C-BC04-4EFD-8F0E-E1BE571F9C33}"
EndProject
Global
	GlobalSection(SolutionConfigurationPlatforms) = preSolution
		Debug|Any CPU = Debug|Any CPU
		Debug|x64 = Debug|x64
		Release|Any CPU = Release|Any CPU
		Release|x64 = Release|x64
	EndGlobalSection
	GlobalSection(ProjectConfigurationPlatforms) = postSolution
		{A8B4A5F8-87BB-489D-A107-F58E818AB82D}.Debug|Any CPU.ActiveCfg = Debug|Any CPU
		{A8B4A5F8-87BB-489D-A107-F58E818AB82D}.Debug|Any CPU.Build.0 = Debug|Any CPU
		{A8B4A5F8-87BB-489D-A107-F58E818AB82D}.Debug|x64.ActiveCfg = Debug|x64
		{A8B4A5F8-87BB-489D-A107-F58E818AB82D}.Debug|x64.Build.0 = Debug|x64
		{A8B4A5F8-87BB-489D-A107-F58E818AB82D}.Release|Any CPU.ActiveCfg = Release|Any CPU
		{A8B4A5F8-87BB-489D-A107-F58E818AB82D}.Release|Any CPU.Build.0 = Release|Any CPU
		{A8B4A5F8-87BB-489D-A107-F58E818AB82D}.Release|x64.ActiveCfg = Release|Any CPU
		{A8B4A5F8-87BB-489D-A107-F58E818AB82D}.Release|x64.Build.0 = Release|Any CPU
		{593E9BFD-BE78-4487-9E22-76AE7DF0B84A}.Debug|Any CPU.ActiveCfg = Debug|Any CPU
		{593E9BFD-BE78-4487-9E22-76AE7DF0B84A}.Debug|Any CPU.Build.0 = Debug|Any CPU
		{593E9BFD-BE78-4487-9E22-76AE7DF0B84A}.Debug|x64.ActiveCfg = Debug|x64
		{593E9BFD-BE78-4487-9E22-76AE7DF0B84A}.Debug|x64.Build.0 = Debug|x64
		{593E9BFD-BE78-4487-9E22-76AE7DF0B84A}.Release|Any CPU.ActiveCfg = Release|Any CPU
		{593E9BFD-BE78-4487-9E22-76AE7DF0B84A}.Release|Any CPU.Build.0 = Release|Any CPU
		{593E9BFD-BE78-4487-9E22-76AE7DF0B84A}.Release|x64.ActiveCfg = Release|Any CPU
		{593E9BFD-BE78-4487-9E22-76AE7DF0B84A}.Release|x64.Build.0 = Release|Any CPU
		{990EBBEA-0005-4D43-A4FA-2606F46AD80B}.Debug|Any CPU.ActiveCfg = Debug|Any CPU
		{990EBBEA-0005-4D43-A4FA-2606F46AD80B}.Debug|Any CPU.Build.0 = Debug|Any CPU
		{990EBBEA-0005-4D43-A4FA-2606F46AD80B}.Debug|x64.ActiveCfg = Debug|x64
		{990EBBEA-0005-4D43-A4FA-2606F46AD80B}.Debug|x64.Build.0 = Debug|x64
		{990EBBEA-0005-4D43-A4FA-2606F46AD80B}.Release|Any CPU.ActiveCfg = Release|Any CPU
		{990EBBEA-0005-4D43-A4FA-2606F46AD80B}.Release|Any CPU.Build.0 = Release|Any CPU
		{990EBBEA-0005-4D43-A4FA-2606F46AD80B}.Release|x64.ActiveCfg = Release|x64
		{990EBBEA-0005-4D43-A4FA-2606F46AD80B}.Release|x64.Build.0 = Release|x64
		{39C73FB5-D284-409D-835A-803090E867C9}.Debug|Any CPU.ActiveCfg = Debug|Any CPU
		{39C73FB5-D284-409D-835A-803090E867C9}.Debug|Any CPU.Build.0 = Debug|Any CPU
		{39C73FB5-D284-409D-835A-803090E867C9}.Debug|x64.ActiveCfg = Debug|x64
		{39C73FB5-D284-409D-835A-803090E867C9}.Debug|x64.Build.0 = Debug|x64
		{39C73FB5-D284-409D-835A-803090E867C9}.Release|Any CPU.ActiveCfg = Release|Any CPU
		{39C73FB5-D284-409D-835A-803090E867C9}.Release|Any CPU.Build.0 = Release|Any CPU
		{39C73FB5-D284-409D-835A-803090E867C9}.Release|x64.ActiveCfg = Release|x64
		{39C73FB5-D284-409D-835A-803090E867C9}.Release|x64.Build.0 = Release|x64
		{345721E4-F125-4E00-A8CC-C2C31CF59424}.Debug|Any CPU.ActiveCfg = Debug|Any CPU
		{345721E4-F125-4E00-A8CC-C2C31CF59424}.Debug|Any CPU.Build.0 = Debug|Any CPU
		{345721E4-F125-4E00-A8CC-C2C31CF59424}.Debug|x64.ActiveCfg = Debug|x64
		{345721E4-F125-4E00-A8CC-C2C31CF59424}.Debug|x64.Build.0 = Debug|x64
		{345721E4-F125-4E00-A8CC-C2C31CF59424}.Release|Any CPU.ActiveCfg = Release|Any CPU
		{345721E4-F125-4E00-A8CC-C2C31CF59424}.Release|Any CPU.Build.0 = Release|Any CPU
		{345721E4-F125-4E00-A8CC-C2C31CF59424}.Release|x64.ActiveCfg = Release|x64
		{345721E4-F125-4E00-A8CC-C2C31CF59424}.Release|x64.Build.0 = Release|x64
		{E7781C0B-E040-4D1A-A929-92FF22AEA95D}.Debug|Any CPU.ActiveCfg = Debug|Any CPU
		{E7781C0B-E040-4D1A-A929-92FF22AEA95D}.Debug|Any CPU.Build.0 = Debug|Any CPU
		{E7781C0B-E040-4D1A-A929-92FF22AEA95D}.Debug|x64.ActiveCfg = Debug|x64
		{E7781C0B-E040-4D1A-A929-92FF22AEA95D}.Debug|x64.Build.0 = Debug|x64
		{E7781C0B-E040-4D1A-A929-92FF22AEA95D}.Release|Any CPU.ActiveCfg = Release|Any CPU
		{E7781C0B-E040-4D1A-A929-92FF22AEA95D}.Release|Any CPU.Build.0 = Release|Any CPU
		{E7781C0B-E040-4D1A-A929-92FF22AEA95D}.Release|x64.ActiveCfg = Release|Any CPU
		{E7781C0B-E040-4D1A-A929-92FF22AEA95D}.Release|x64.Build.0 = Release|Any CPU
		{EE4180F1-9C43-4B0B-B3B6-DA16364EB5F3}.Debug|Any CPU.ActiveCfg = Debug|Any CPU
		{EE4180F1-9C43-4B0B-B3B6-DA16364EB5F3}.Debug|Any CPU.Build.0 = Debug|Any CPU
		{EE4180F1-9C43-4B0B-B3B6-DA16364EB5F3}.Debug|x64.ActiveCfg = Debug|x64
		{EE4180F1-9C43-4B0B-B3B6-DA16364EB5F3}.Debug|x64.Build.0 = Debug|x64
		{EE4180F1-9C43-4B0B-B3B6-DA16364EB5F3}.Release|Any CPU.ActiveCfg = Release|Any CPU
		{EE4180F1-9C43-4B0B-B3B6-DA16364EB5F3}.Release|Any CPU.Build.0 = Release|Any CPU
		{EE4180F1-9C43-4B0B-B3B6-DA16364EB5F3}.Release|x64.ActiveCfg = Release|x64
		{EE4180F1-9C43-4B0B-B3B6-DA16364EB5F3}.Release|x64.Build.0 = Release|x64
		{7998936E-8D8F-42D7-A7CB-5CBFDE36CEC2}.Debug|Any CPU.ActiveCfg = Debug|Any CPU
		{7998936E-8D8F-42D7-A7CB-5CBFDE36CEC2}.Debug|Any CPU.Build.0 = Debug|Any CPU
		{7998936E-8D8F-42D7-A7CB-5CBFDE36CEC2}.Debug|x64.ActiveCfg = Debug|x64
		{7998936E-8D8F-42D7-A7CB-5CBFDE36CEC2}.Debug|x64.Build.0 = Debug|x64
		{7998936E-8D8F-42D7-A7CB-5CBFDE36CEC2}.Release|Any CPU.ActiveCfg = Release|Any CPU
		{7998936E-8D8F-42D7-A7CB-5CBFDE36CEC2}.Release|Any CPU.Build.0 = Release|Any CPU
		{7998936E-8D8F-42D7-A7CB-5CBFDE36CEC2}.Release|x64.ActiveCfg = Release|x64
		{7998936E-8D8F-42D7-A7CB-5CBFDE36CEC2}.Release|x64.Build.0 = Release|x64
		{35541160-3D5F-4903-93F0-94D7F3EE2687}.Debug|Any CPU.ActiveCfg = Debug|Any CPU
		{35541160-3D5F-4903-93F0-94D7F3EE2687}.Debug|Any CPU.Build.0 = Debug|Any CPU
		{35541160-3D5F-4903-93F0-94D7F3EE2687}.Debug|x64.ActiveCfg = Debug|x64
		{35541160-3D5F-4903-93F0-94D7F3EE2687}.Debug|x64.Build.0 = Debug|x64
		{35541160-3D5F-4903-93F0-94D7F3EE2687}.Release|Any CPU.ActiveCfg = Release|Any CPU
		{35541160-3D5F-4903-93F0-94D7F3EE2687}.Release|Any CPU.Build.0 = Release|Any CPU
		{35541160-3D5F-4903-93F0-94D7F3EE2687}.Release|x64.ActiveCfg = Release|x64
		{35541160-3D5F-4903-93F0-94D7F3EE2687}.Release|x64.Build.0 = Release|x64
		{BEBDB071-0B4A-459E-81CE-49A12391D1D5}.Debug|Any CPU.ActiveCfg = Debug|Any CPU
		{BEBDB071-0B4A-459E-81CE-49A12391D1D5}.Debug|Any CPU.Build.0 = Debug|Any CPU
		{BEBDB071-0B4A-459E-81CE-49A12391D1D5}.Debug|x64.ActiveCfg = Debug|x64
		{BEBDB071-0B4A-459E-81CE-49A12391D1D5}.Debug|x64.Build.0 = Debug|x64
		{BEBDB071-0B4A-459E-81CE-49A12391D1D5}.Release|Any CPU.ActiveCfg = Release|Any CPU
		{BEBDB071-0B4A-459E-81CE-49A12391D1D5}.Release|Any CPU.Build.0 = Release|Any CPU
		{BEBDB071-0B4A-459E-81CE-49A12391D1D5}.Release|x64.ActiveCfg = Release|x64
		{BEBDB071-0B4A-459E-81CE-49A12391D1D5}.Release|x64.Build.0 = Release|x64
		{A2AAA7E5-91CA-4349-8569-0A21037CE666}.Debug|Any CPU.ActiveCfg = Debug|Any CPU
		{A2AAA7E5-91CA-4349-8569-0A21037CE666}.Debug|Any CPU.Build.0 = Debug|Any CPU
		{A2AAA7E5-91CA-4349-8569-0A21037CE666}.Debug|x64.ActiveCfg = Debug|x64
		{A2AAA7E5-91CA-4349-8569-0A21037CE666}.Debug|x64.Build.0 = Debug|x64
		{A2AAA7E5-91CA-4349-8569-0A21037CE666}.Release|Any CPU.ActiveCfg = Release|Any CPU
		{A2AAA7E5-91CA-4349-8569-0A21037CE666}.Release|Any CPU.Build.0 = Release|Any CPU
		{A2AAA7E5-91CA-4349-8569-0A21037CE666}.Release|x64.ActiveCfg = Release|x64
		{A2AAA7E5-91CA-4349-8569-0A21037CE666}.Release|x64.Build.0 = Release|x64
		{C8E1245C-BC04-4EFD-8F0E-E1BE571F9C33}.Debug|Any CPU.ActiveCfg = Debug|Any CPU
		{C8E1245C-BC04-4EFD-8F0E-E1BE571F9C33}.Debug|Any CPU.Build.0 = Debug|Any CPU
		{C8E1245C-BC04-4EFD-8F0E-E1BE571F9C33}.Debug|x64.ActiveCfg = Debug|x64
		{C8E1245C-BC04-4EFD-8F0E-E1BE571F9C33}.Debug|x64.Build.0 = Debug|x64
		{C8E1245C-BC04-4EFD-8F0E-E1BE571F9C33}.Release|Any CPU.ActiveCfg = Release|Any CPU
		{C8E1245C-BC04-4EFD-8F0E-E1BE571F9C33}.Release|Any CPU.Build.0 = Release|Any CPU
		{C8E1245C-BC04-4EFD-8F0E-E1BE571F9C33}.Release|x64.ActiveCfg = Release|x64
		{C8E1245C-BC04-4EFD-8F0E-E1BE571F9C33}.Release|x64.Build.0 = Release|x64
	EndGlobalSection
	GlobalSection(SolutionProperties) = preSolution
		HideSolutionNode = FALSE
	EndGlobalSection
EndGlobal
