
Microsoft Visual Studio Solution File, Format Version 12.00
# Visual Studio 14
VisualStudioVersion = 14.0.25420.1
MinimumVisualStudioVersion = 10.0.40219.1
Project("{FAE04EC0-301F-11D3-BF4B-00C04F79EFBC}") = "TUM.CMS.VPL.Scripting", "TUM.CMS.VPL.Scripting\TUM.CMS.VPL.Scripting.csproj", "{A8B4A5F8-87BB-489D-A107-F58E818AB82D}"
EndProject
Project("{FAE04EC0-301F-11D3-BF4B-00C04F79EFBC}") = "TUM.CMS.VplControl", "TUM.CMS.VplControl\TUM.CMS.VplControl.csproj", "{593E9BFD-BE78-4487-9E22-76AE7DF0B84A}"
EndProject
Project("{FAE04EC0-301F-11D3-BF4B-00C04F79EFBC}") = "TUM.CMS.VplControl.BimPlus", "TUM.CMS.VplControl.BimPlus\TUM.CMS.VplControl.BimPlus.csproj", "{990EBBEA-0005-4D43-A4FA-2606F46AD80B}"
EndProject
Project("{FAE04EC0-301F-11D3-BF4B-00C04F79EFBC}") = "TUM.CMS.VplControl.Watch3D", "TUM.CMS.VplControl.Watch3D\TUM.CMS.VplControl.Watch3D.csproj", "{39C73FB5-D284-409D-835A-803090E867C9}"
EndProject
Project("{FAE04EC0-301F-11D3-BF4B-00C04F79EFBC}") = "TUM.CMS.NodeClassGenerator", "TUM.CMS.NodeClassGenerator\TUM.CMS.NodeClassGenerator.csproj", "{E7781C0B-E040-4D1A-A929-92FF22AEA95D}"
EndProject
Project("{FAE04EC0-301F-11D3-BF4B-00C04F79EFBC}") = "TUM.CMS.VplControl.Relations", "TUM.CMS.VplControl.Relations\TUM.CMS.VplControl.Relations.csproj", "{7998936E-8D8F-42D7-A7CB-5CBFDE36CEC2}"
EndProject
Project("{FAE04EC0-301F-11D3-BF4B-00C04F79EFBC}") = "TUM.CMS.VplControl.Watch3Dx", "TUM.CMS.VplControl.Watch3Dx\TUM.CMS.VplControl.Watch3Dx.csproj", "{BEBDB071-0B4A-459E-81CE-49A12391D1D5}"
EndProject
Project("{FAE04EC0-301F-11D3-BF4B-00C04F79EFBC}") = "TUM.CMS.VplControl.Test", "TUM.CMS.VplControl.Test\TUM.CMS.VplControl.Test.csproj", "{A2AAA7E5-91CA-4349-8569-0A21037CE666}"
EndProject
Project("{FAE04EC0-301F-11D3-BF4B-00C04F79EFBC}") = "TUM.CMS.ExtendedVplControl", "TUM.CMS.ExtendedVplControl\TUM.CMS.ExtendedVplControl.csproj", "{E85C5813-1373-4BB3-8B6F-D275E9CAB487}"
EndProject
Project("{FAE04EC0-301F-11D3-BF4B-00C04F79EFBC}") = "TUM.CMS.VplControl.IFC", "TUM.CMS.VplControl.IFC\TUM.CMS.VplControl.IFC.csproj", "{223BA18E-A52E-4065-BB6D-697E486EC78B}"
EndProject
Project("{FAE04EC0-301F-11D3-BF4B-00C04F79EFBC}") = "TUM.CMS.VplControl.VCCL", "TUM.CMS.VplControl.VCCL\TUM.CMS.VplControl.VCCL.csproj", "{9357B748-1070-41EC-BC76-2F6A69C53268}"
EndProject
Project("{2150E333-8FDC-42A3-9474-1A3956D46DE8}") = "Data", "Data", "{FB3023D4-4587-4FEC-8ED6-F13128E1565E}"
EndProject
Project("{2150E333-8FDC-42A3-9474-1A3956D46DE8}") = "Base", "Base", "{EC011E45-58FE-47D9-ADF1-ADD90F6204BF}"
EndProject
Project("{FAE04EC0-301F-11D3-BF4B-00C04F79EFBC}") = "TUM.CMS.VplControl.Utilities", "TUM.CMS.VplControl.Utilities\TUM.CMS.VplControl.Utilities.csproj", "{0C220706-3397-42CE-9347-0028F88A616F}"
EndProject
Project("{FAE04EC0-301F-11D3-BF4B-00C04F79EFBC}") = "TUM.CMS.VplControl.GeometryLibrary", "TUM.CMS.VplControl.GeometryLibrary\TUM.CMS.VplControl.GeometryLibrary.csproj", "{8A6EB81B-8118-4820-92B4-34C178E0D0E4}"
EndProject
Project("{2150E333-8FDC-42A3-9474-1A3956D46DE8}") = "Geometry", "Geometry", "{ED52247B-B450-488C-9314-654A7508ECB1}"
EndProject
Project("{2150E333-8FDC-42A3-9474-1A3956D46DE8}") = "QL4BIM", "QL4BIM", "{3D2E2BB5-F7DF-44B5-AE61-87E464FB943E}"
EndProject
Project("{FAE04EC0-301F-11D3-BF4B-00C04F79EFBC}") = "QL4BIMspatial", "..\QL4BIM\QL4BIMspatial\QL4BIMspatial.csproj", "{D5134BF8-5E58-4625-9893-AF72B8F8323D}"
EndProject
Project("{FAE04EC0-301F-11D3-BF4B-00C04F79EFBC}") = "IfcImporter", "..\QL4BIM\IfcImporter\IfcImporter.csproj", "{597D95A4-BDB8-4A29-B48C-517101DAD0C9}"
EndProject
Project("{2150E333-8FDC-42A3-9474-1A3956D46DE8}") = "Install", "Install", "{D9374C89-1EFA-4807-962B-5609EC107C00}"
EndProject
Project("{54435603-DBB4-11D2-8724-00A0C9A8B90C}") = "CSTB_VCCL", "Setup\Setup.vdproj", "{E6108CD1-C6DC-4FEB-BFF1-BC54D8434FF4}"
EndProject
Project("{FAE04EC0-301F-11D3-BF4B-00C04F79EFBC}") = "TUM.CMS.VplControl.MainApplication", "TUM.CMS.VplControl.MainApplication\TUM.CMS.VplControl.MainApplication.csproj", "{9E92F5E0-7DDC-4CFA-B558-A7CBD333FFF2}"
EndProject
Global
	GlobalSection(SolutionConfigurationPlatforms) = preSolution
		Debug|Any CPU = Debug|Any CPU
		Debug|x64 = Debug|x64
		Debug|x86 = Debug|x86
		Release|Any CPU = Release|Any CPU
		Release|x64 = Release|x64
		Release|x86 = Release|x86
	EndGlobalSection
	GlobalSection(ProjectConfigurationPlatforms) = postSolution
		{A8B4A5F8-87BB-489D-A107-F58E818AB82D}.Debug|Any CPU.ActiveCfg = Debug|Any CPU
		{A8B4A5F8-87BB-489D-A107-F58E818AB82D}.Debug|Any CPU.Build.0 = Debug|Any CPU
		{A8B4A5F8-87BB-489D-A107-F58E818AB82D}.Debug|x64.ActiveCfg = Debug|x64
		{A8B4A5F8-87BB-489D-A107-F58E818AB82D}.Debug|x64.Build.0 = Debug|x64
		{A8B4A5F8-87BB-489D-A107-F58E818AB82D}.Debug|x86.ActiveCfg = Debug|Any CPU
		{A8B4A5F8-87BB-489D-A107-F58E818AB82D}.Debug|x86.Build.0 = Debug|Any CPU
		{A8B4A5F8-87BB-489D-A107-F58E818AB82D}.Release|Any CPU.ActiveCfg = Release|Any CPU
		{A8B4A5F8-87BB-489D-A107-F58E818AB82D}.Release|Any CPU.Build.0 = Release|Any CPU
		{A8B4A5F8-87BB-489D-A107-F58E818AB82D}.Release|x64.ActiveCfg = Release|x64
		{A8B4A5F8-87BB-489D-A107-F58E818AB82D}.Release|x64.Build.0 = Release|x64
		{A8B4A5F8-87BB-489D-A107-F58E818AB82D}.Release|x86.ActiveCfg = Release|Any CPU
		{A8B4A5F8-87BB-489D-A107-F58E818AB82D}.Release|x86.Build.0 = Release|Any CPU
		{593E9BFD-BE78-4487-9E22-76AE7DF0B84A}.Debug|Any CPU.ActiveCfg = Debug|Any CPU
		{593E9BFD-BE78-4487-9E22-76AE7DF0B84A}.Debug|Any CPU.Build.0 = Debug|Any CPU
		{593E9BFD-BE78-4487-9E22-76AE7DF0B84A}.Debug|x64.ActiveCfg = Debug|x64
		{593E9BFD-BE78-4487-9E22-76AE7DF0B84A}.Debug|x64.Build.0 = Debug|x64
		{593E9BFD-BE78-4487-9E22-76AE7DF0B84A}.Debug|x86.ActiveCfg = Debug|Any CPU
		{593E9BFD-BE78-4487-9E22-76AE7DF0B84A}.Debug|x86.Build.0 = Debug|Any CPU
		{593E9BFD-BE78-4487-9E22-76AE7DF0B84A}.Release|Any CPU.ActiveCfg = Release|Any CPU
		{593E9BFD-BE78-4487-9E22-76AE7DF0B84A}.Release|Any CPU.Build.0 = Release|Any CPU
		{593E9BFD-BE78-4487-9E22-76AE7DF0B84A}.Release|x64.ActiveCfg = Release|x64
		{593E9BFD-BE78-4487-9E22-76AE7DF0B84A}.Release|x64.Build.0 = Release|x64
		{593E9BFD-BE78-4487-9E22-76AE7DF0B84A}.Release|x86.ActiveCfg = Release|Any CPU
		{593E9BFD-BE78-4487-9E22-76AE7DF0B84A}.Release|x86.Build.0 = Release|Any CPU
		{990EBBEA-0005-4D43-A4FA-2606F46AD80B}.Debug|Any CPU.ActiveCfg = Debug|Any CPU
		{990EBBEA-0005-4D43-A4FA-2606F46AD80B}.Debug|Any CPU.Build.0 = Debug|Any CPU
		{990EBBEA-0005-4D43-A4FA-2606F46AD80B}.Debug|x64.ActiveCfg = Debug|x64
		{990EBBEA-0005-4D43-A4FA-2606F46AD80B}.Debug|x64.Build.0 = Debug|x64
		{990EBBEA-0005-4D43-A4FA-2606F46AD80B}.Debug|x86.ActiveCfg = Debug|Any CPU
		{990EBBEA-0005-4D43-A4FA-2606F46AD80B}.Debug|x86.Build.0 = Debug|Any CPU
		{990EBBEA-0005-4D43-A4FA-2606F46AD80B}.Release|Any CPU.ActiveCfg = Release|Any CPU
		{990EBBEA-0005-4D43-A4FA-2606F46AD80B}.Release|Any CPU.Build.0 = Release|Any CPU
		{990EBBEA-0005-4D43-A4FA-2606F46AD80B}.Release|x64.ActiveCfg = Release|x64
		{990EBBEA-0005-4D43-A4FA-2606F46AD80B}.Release|x64.Build.0 = Release|x64
		{990EBBEA-0005-4D43-A4FA-2606F46AD80B}.Release|x86.ActiveCfg = Release|Any CPU
		{990EBBEA-0005-4D43-A4FA-2606F46AD80B}.Release|x86.Build.0 = Release|Any CPU
		{39C73FB5-D284-409D-835A-803090E867C9}.Debug|Any CPU.ActiveCfg = Debug|Any CPU
		{39C73FB5-D284-409D-835A-803090E867C9}.Debug|Any CPU.Build.0 = Debug|Any CPU
		{39C73FB5-D284-409D-835A-803090E867C9}.Debug|x64.ActiveCfg = Debug|x64
		{39C73FB5-D284-409D-835A-803090E867C9}.Debug|x64.Build.0 = Debug|x64
		{39C73FB5-D284-409D-835A-803090E867C9}.Debug|x86.ActiveCfg = Debug|Any CPU
		{39C73FB5-D284-409D-835A-803090E867C9}.Debug|x86.Build.0 = Debug|Any CPU
		{39C73FB5-D284-409D-835A-803090E867C9}.Release|Any CPU.ActiveCfg = Release|Any CPU
		{39C73FB5-D284-409D-835A-803090E867C9}.Release|Any CPU.Build.0 = Release|Any CPU
		{39C73FB5-D284-409D-835A-803090E867C9}.Release|x64.ActiveCfg = Release|x64
		{39C73FB5-D284-409D-835A-803090E867C9}.Release|x64.Build.0 = Release|x64
		{39C73FB5-D284-409D-835A-803090E867C9}.Release|x86.ActiveCfg = Release|Any CPU
		{39C73FB5-D284-409D-835A-803090E867C9}.Release|x86.Build.0 = Release|Any CPU
		{E7781C0B-E040-4D1A-A929-92FF22AEA95D}.Debug|Any CPU.ActiveCfg = Debug|Any CPU
		{E7781C0B-E040-4D1A-A929-92FF22AEA95D}.Debug|Any CPU.Build.0 = Debug|Any CPU
		{E7781C0B-E040-4D1A-A929-92FF22AEA95D}.Debug|x64.ActiveCfg = Debug|x64
		{E7781C0B-E040-4D1A-A929-92FF22AEA95D}.Debug|x64.Build.0 = Debug|x64
		{E7781C0B-E040-4D1A-A929-92FF22AEA95D}.Debug|x86.ActiveCfg = Debug|Any CPU
		{E7781C0B-E040-4D1A-A929-92FF22AEA95D}.Debug|x86.Build.0 = Debug|Any CPU
		{E7781C0B-E040-4D1A-A929-92FF22AEA95D}.Release|Any CPU.ActiveCfg = Release|Any CPU
		{E7781C0B-E040-4D1A-A929-92FF22AEA95D}.Release|Any CPU.Build.0 = Release|Any CPU
		{E7781C0B-E040-4D1A-A929-92FF22AEA95D}.Release|x64.ActiveCfg = Release|x64
		{E7781C0B-E040-4D1A-A929-92FF22AEA95D}.Release|x64.Build.0 = Release|x64
		{E7781C0B-E040-4D1A-A929-92FF22AEA95D}.Release|x86.ActiveCfg = Release|Any CPU
		{E7781C0B-E040-4D1A-A929-92FF22AEA95D}.Release|x86.Build.0 = Release|Any CPU
		{7998936E-8D8F-42D7-A7CB-5CBFDE36CEC2}.Debug|Any CPU.ActiveCfg = Debug|Any CPU
		{7998936E-8D8F-42D7-A7CB-5CBFDE36CEC2}.Debug|Any CPU.Build.0 = Debug|Any CPU
		{7998936E-8D8F-42D7-A7CB-5CBFDE36CEC2}.Debug|x64.ActiveCfg = Debug|x64
		{7998936E-8D8F-42D7-A7CB-5CBFDE36CEC2}.Debug|x64.Build.0 = Debug|x64
		{7998936E-8D8F-42D7-A7CB-5CBFDE36CEC2}.Debug|x86.ActiveCfg = Debug|Any CPU
		{7998936E-8D8F-42D7-A7CB-5CBFDE36CEC2}.Debug|x86.Build.0 = Debug|Any CPU
		{7998936E-8D8F-42D7-A7CB-5CBFDE36CEC2}.Release|Any CPU.ActiveCfg = Release|Any CPU
		{7998936E-8D8F-42D7-A7CB-5CBFDE36CEC2}.Release|Any CPU.Build.0 = Release|Any CPU
		{7998936E-8D8F-42D7-A7CB-5CBFDE36CEC2}.Release|x64.ActiveCfg = Release|x64
		{7998936E-8D8F-42D7-A7CB-5CBFDE36CEC2}.Release|x64.Build.0 = Release|x64
		{7998936E-8D8F-42D7-A7CB-5CBFDE36CEC2}.Release|x86.ActiveCfg = Release|Any CPU
		{7998936E-8D8F-42D7-A7CB-5CBFDE36CEC2}.Release|x86.Build.0 = Release|Any CPU
		{BEBDB071-0B4A-459E-81CE-49A12391D1D5}.Debug|Any CPU.ActiveCfg = Debug|Any CPU
		{BEBDB071-0B4A-459E-81CE-49A12391D1D5}.Debug|Any CPU.Build.0 = Debug|Any CPU
		{BEBDB071-0B4A-459E-81CE-49A12391D1D5}.Debug|x64.ActiveCfg = Debug|x64
		{BEBDB071-0B4A-459E-81CE-49A12391D1D5}.Debug|x64.Build.0 = Debug|x64
		{BEBDB071-0B4A-459E-81CE-49A12391D1D5}.Debug|x86.ActiveCfg = Debug|Any CPU
		{BEBDB071-0B4A-459E-81CE-49A12391D1D5}.Debug|x86.Build.0 = Debug|Any CPU
		{BEBDB071-0B4A-459E-81CE-49A12391D1D5}.Release|Any CPU.ActiveCfg = Release|Any CPU
		{BEBDB071-0B4A-459E-81CE-49A12391D1D5}.Release|Any CPU.Build.0 = Release|Any CPU
		{BEBDB071-0B4A-459E-81CE-49A12391D1D5}.Release|x64.ActiveCfg = Release|x64
		{BEBDB071-0B4A-459E-81CE-49A12391D1D5}.Release|x64.Build.0 = Release|x64
		{BEBDB071-0B4A-459E-81CE-49A12391D1D5}.Release|x86.ActiveCfg = Release|Any CPU
		{BEBDB071-0B4A-459E-81CE-49A12391D1D5}.Release|x86.Build.0 = Release|Any CPU
		{A2AAA7E5-91CA-4349-8569-0A21037CE666}.Debug|Any CPU.ActiveCfg = Debug|Any CPU
		{A2AAA7E5-91CA-4349-8569-0A21037CE666}.Debug|Any CPU.Build.0 = Debug|Any CPU
		{A2AAA7E5-91CA-4349-8569-0A21037CE666}.Debug|x64.ActiveCfg = Debug|x64
		{A2AAA7E5-91CA-4349-8569-0A21037CE666}.Debug|x64.Build.0 = Debug|x64
		{A2AAA7E5-91CA-4349-8569-0A21037CE666}.Debug|x86.ActiveCfg = Debug|Any CPU
		{A2AAA7E5-91CA-4349-8569-0A21037CE666}.Release|Any CPU.ActiveCfg = Release|Any CPU
		{A2AAA7E5-91CA-4349-8569-0A21037CE666}.Release|Any CPU.Build.0 = Release|Any CPU
		{A2AAA7E5-91CA-4349-8569-0A21037CE666}.Release|x64.ActiveCfg = Release|x64
		{A2AAA7E5-91CA-4349-8569-0A21037CE666}.Release|x64.Build.0 = Release|x64
		{A2AAA7E5-91CA-4349-8569-0A21037CE666}.Release|x86.ActiveCfg = Release|Any CPU
		{E85C5813-1373-4BB3-8B6F-D275E9CAB487}.Debug|Any CPU.ActiveCfg = Debug|Any CPU
		{E85C5813-1373-4BB3-8B6F-D275E9CAB487}.Debug|Any CPU.Build.0 = Debug|Any CPU
		{E85C5813-1373-4BB3-8B6F-D275E9CAB487}.Debug|x64.ActiveCfg = Debug|x64
		{E85C5813-1373-4BB3-8B6F-D275E9CAB487}.Debug|x64.Build.0 = Debug|x64
		{E85C5813-1373-4BB3-8B6F-D275E9CAB487}.Debug|x86.ActiveCfg = Debug|Any CPU
		{E85C5813-1373-4BB3-8B6F-D275E9CAB487}.Debug|x86.Build.0 = Debug|Any CPU
		{E85C5813-1373-4BB3-8B6F-D275E9CAB487}.Release|Any CPU.ActiveCfg = Release|Any CPU
		{E85C5813-1373-4BB3-8B6F-D275E9CAB487}.Release|Any CPU.Build.0 = Release|Any CPU
		{E85C5813-1373-4BB3-8B6F-D275E9CAB487}.Release|x64.ActiveCfg = Release|x64
		{E85C5813-1373-4BB3-8B6F-D275E9CAB487}.Release|x64.Build.0 = Release|x64
		{E85C5813-1373-4BB3-8B6F-D275E9CAB487}.Release|x86.ActiveCfg = Release|Any CPU
		{E85C5813-1373-4BB3-8B6F-D275E9CAB487}.Release|x86.Build.0 = Release|Any CPU
		{223BA18E-A52E-4065-BB6D-697E486EC78B}.Debug|Any CPU.ActiveCfg = Debug|Any CPU
		{223BA18E-A52E-4065-BB6D-697E486EC78B}.Debug|Any CPU.Build.0 = Debug|Any CPU
		{223BA18E-A52E-4065-BB6D-697E486EC78B}.Debug|x64.ActiveCfg = Debug|x64
		{223BA18E-A52E-4065-BB6D-697E486EC78B}.Debug|x64.Build.0 = Debug|x64
		{223BA18E-A52E-4065-BB6D-697E486EC78B}.Debug|x86.ActiveCfg = Debug|Any CPU
		{223BA18E-A52E-4065-BB6D-697E486EC78B}.Debug|x86.Build.0 = Debug|Any CPU
		{223BA18E-A52E-4065-BB6D-697E486EC78B}.Release|Any CPU.ActiveCfg = Release|Any CPU
		{223BA18E-A52E-4065-BB6D-697E486EC78B}.Release|Any CPU.Build.0 = Release|Any CPU
		{223BA18E-A52E-4065-BB6D-697E486EC78B}.Release|x64.ActiveCfg = Release|x64
		{223BA18E-A52E-4065-BB6D-697E486EC78B}.Release|x64.Build.0 = Release|x64
		{223BA18E-A52E-4065-BB6D-697E486EC78B}.Release|x86.ActiveCfg = Release|Any CPU
		{223BA18E-A52E-4065-BB6D-697E486EC78B}.Release|x86.Build.0 = Release|Any CPU
		{9357B748-1070-41EC-BC76-2F6A69C53268}.Debug|Any CPU.ActiveCfg = Debug|Any CPU
		{9357B748-1070-41EC-BC76-2F6A69C53268}.Debug|Any CPU.Build.0 = Debug|Any CPU
		{9357B748-1070-41EC-BC76-2F6A69C53268}.Debug|x64.ActiveCfg = Debug|x64
		{9357B748-1070-41EC-BC76-2F6A69C53268}.Debug|x64.Build.0 = Debug|x64
		{9357B748-1070-41EC-BC76-2F6A69C53268}.Debug|x86.ActiveCfg = Debug|Any CPU
		{9357B748-1070-41EC-BC76-2F6A69C53268}.Debug|x86.Build.0 = Debug|Any CPU
		{9357B748-1070-41EC-BC76-2F6A69C53268}.Release|Any CPU.ActiveCfg = Release|Any CPU
		{9357B748-1070-41EC-BC76-2F6A69C53268}.Release|Any CPU.Build.0 = Release|Any CPU
		{9357B748-1070-41EC-BC76-2F6A69C53268}.Release|x64.ActiveCfg = Release|x64
		{9357B748-1070-41EC-BC76-2F6A69C53268}.Release|x64.Build.0 = Release|x64
		{9357B748-1070-41EC-BC76-2F6A69C53268}.Release|x86.ActiveCfg = Release|Any CPU
		{9357B748-1070-41EC-BC76-2F6A69C53268}.Release|x86.Build.0 = Release|Any CPU
		{0C220706-3397-42CE-9347-0028F88A616F}.Debug|Any CPU.ActiveCfg = Debug|Any CPU
		{0C220706-3397-42CE-9347-0028F88A616F}.Debug|Any CPU.Build.0 = Debug|Any CPU
		{0C220706-3397-42CE-9347-0028F88A616F}.Debug|x64.ActiveCfg = Debug|x64
		{0C220706-3397-42CE-9347-0028F88A616F}.Debug|x64.Build.0 = Debug|x64
		{0C220706-3397-42CE-9347-0028F88A616F}.Debug|x86.ActiveCfg = Debug|Any CPU
		{0C220706-3397-42CE-9347-0028F88A616F}.Debug|x86.Build.0 = Debug|Any CPU
		{0C220706-3397-42CE-9347-0028F88A616F}.Release|Any CPU.ActiveCfg = Release|Any CPU
		{0C220706-3397-42CE-9347-0028F88A616F}.Release|Any CPU.Build.0 = Release|Any CPU
		{0C220706-3397-42CE-9347-0028F88A616F}.Release|x64.ActiveCfg = Release|x64
		{0C220706-3397-42CE-9347-0028F88A616F}.Release|x64.Build.0 = Release|x64
		{0C220706-3397-42CE-9347-0028F88A616F}.Release|x86.ActiveCfg = Release|Any CPU
		{0C220706-3397-42CE-9347-0028F88A616F}.Release|x86.Build.0 = Release|Any CPU
		{8A6EB81B-8118-4820-92B4-34C178E0D0E4}.Debug|Any CPU.ActiveCfg = Debug|Any CPU
		{8A6EB81B-8118-4820-92B4-34C178E0D0E4}.Debug|Any CPU.Build.0 = Debug|Any CPU
		{8A6EB81B-8118-4820-92B4-34C178E0D0E4}.Debug|x64.ActiveCfg = Debug|x64
		{8A6EB81B-8118-4820-92B4-34C178E0D0E4}.Debug|x64.Build.0 = Debug|x64
		{8A6EB81B-8118-4820-92B4-34C178E0D0E4}.Debug|x86.ActiveCfg = Debug|Any CPU
		{8A6EB81B-8118-4820-92B4-34C178E0D0E4}.Debug|x86.Build.0 = Debug|Any CPU
		{8A6EB81B-8118-4820-92B4-34C178E0D0E4}.Release|Any CPU.ActiveCfg = Release|Any CPU
		{8A6EB81B-8118-4820-92B4-34C178E0D0E4}.Release|Any CPU.Build.0 = Release|Any CPU
		{8A6EB81B-8118-4820-92B4-34C178E0D0E4}.Release|x64.ActiveCfg = Release|x64
		{8A6EB81B-8118-4820-92B4-34C178E0D0E4}.Release|x64.Build.0 = Release|x64
		{8A6EB81B-8118-4820-92B4-34C178E0D0E4}.Release|x86.ActiveCfg = Release|Any CPU
		{8A6EB81B-8118-4820-92B4-34C178E0D0E4}.Release|x86.Build.0 = Release|Any CPU
		{D5134BF8-5E58-4625-9893-AF72B8F8323D}.Debug|Any CPU.ActiveCfg = Debug|Any CPU
		{D5134BF8-5E58-4625-9893-AF72B8F8323D}.Debug|Any CPU.Build.0 = Debug|Any CPU
		{D5134BF8-5E58-4625-9893-AF72B8F8323D}.Debug|x64.ActiveCfg = Debug|x64
		{D5134BF8-5E58-4625-9893-AF72B8F8323D}.Debug|x64.Build.0 = Debug|x64
		{D5134BF8-5E58-4625-9893-AF72B8F8323D}.Debug|x86.ActiveCfg = Debug|x86
		{D5134BF8-5E58-4625-9893-AF72B8F8323D}.Debug|x86.Build.0 = Debug|x86
		{D5134BF8-5E58-4625-9893-AF72B8F8323D}.Release|Any CPU.ActiveCfg = Release|Any CPU
		{D5134BF8-5E58-4625-9893-AF72B8F8323D}.Release|Any CPU.Build.0 = Release|Any CPU
		{D5134BF8-5E58-4625-9893-AF72B8F8323D}.Release|x64.ActiveCfg = Release|x64
		{D5134BF8-5E58-4625-9893-AF72B8F8323D}.Release|x64.Build.0 = Release|x64
		{D5134BF8-5E58-4625-9893-AF72B8F8323D}.Release|x86.ActiveCfg = Release|x86
		{D5134BF8-5E58-4625-9893-AF72B8F8323D}.Release|x86.Build.0 = Release|x86
		{597D95A4-BDB8-4A29-B48C-517101DAD0C9}.Debug|Any CPU.ActiveCfg = Debug|Any CPU
		{597D95A4-BDB8-4A29-B48C-517101DAD0C9}.Debug|Any CPU.Build.0 = Debug|Any CPU
		{597D95A4-BDB8-4A29-B48C-517101DAD0C9}.Debug|x64.ActiveCfg = Debug|x64
		{597D95A4-BDB8-4A29-B48C-517101DAD0C9}.Debug|x64.Build.0 = Debug|x64
		{597D95A4-BDB8-4A29-B48C-517101DAD0C9}.Debug|x86.ActiveCfg = Debug|x86
		{597D95A4-BDB8-4A29-B48C-517101DAD0C9}.Debug|x86.Build.0 = Debug|x86
		{597D95A4-BDB8-4A29-B48C-517101DAD0C9}.Release|Any CPU.ActiveCfg = Release|Any CPU
		{597D95A4-BDB8-4A29-B48C-517101DAD0C9}.Release|Any CPU.Build.0 = Release|Any CPU
		{597D95A4-BDB8-4A29-B48C-517101DAD0C9}.Release|x64.ActiveCfg = Release|x64
		{597D95A4-BDB8-4A29-B48C-517101DAD0C9}.Release|x64.Build.0 = Release|x64
		{597D95A4-BDB8-4A29-B48C-517101DAD0C9}.Release|x86.ActiveCfg = Release|x86
		{597D95A4-BDB8-4A29-B48C-517101DAD0C9}.Release|x86.Build.0 = Release|x86
		{E6108CD1-C6DC-4FEB-BFF1-BC54D8434FF4}.Debug|Any CPU.ActiveCfg = Debug
		{E6108CD1-C6DC-4FEB-BFF1-BC54D8434FF4}.Debug|x64.ActiveCfg = Debug
		{E6108CD1-C6DC-4FEB-BFF1-BC54D8434FF4}.Debug|x86.ActiveCfg = Debug
		{E6108CD1-C6DC-4FEB-BFF1-BC54D8434FF4}.Release|Any CPU.ActiveCfg = Release
		{E6108CD1-C6DC-4FEB-BFF1-BC54D8434FF4}.Release|x64.ActiveCfg = Release
		{E6108CD1-C6DC-4FEB-BFF1-BC54D8434FF4}.Release|x86.ActiveCfg = Release
		{9E92F5E0-7DDC-4CFA-B558-A7CBD333FFF2}.Debug|Any CPU.ActiveCfg = Debug|Any CPU
		{9E92F5E0-7DDC-4CFA-B558-A7CBD333FFF2}.Debug|Any CPU.Build.0 = Debug|Any CPU
		{9E92F5E0-7DDC-4CFA-B558-A7CBD333FFF2}.Debug|x64.ActiveCfg = Debug|x64
		{9E92F5E0-7DDC-4CFA-B558-A7CBD333FFF2}.Debug|x64.Build.0 = Debug|x64
		{9E92F5E0-7DDC-4CFA-B558-A7CBD333FFF2}.Debug|x86.ActiveCfg = Debug|Any CPU
		{9E92F5E0-7DDC-4CFA-B558-A7CBD333FFF2}.Debug|x86.Build.0 = Debug|Any CPU
		{9E92F5E0-7DDC-4CFA-B558-A7CBD333FFF2}.Release|Any CPU.ActiveCfg = Release|Any CPU
		{9E92F5E0-7DDC-4CFA-B558-A7CBD333FFF2}.Release|Any CPU.Build.0 = Release|Any CPU
		{9E92F5E0-7DDC-4CFA-B558-A7CBD333FFF2}.Release|x64.ActiveCfg = Release|x64
		{9E92F5E0-7DDC-4CFA-B558-A7CBD333FFF2}.Release|x64.Build.0 = Release|x64
		{9E92F5E0-7DDC-4CFA-B558-A7CBD333FFF2}.Release|x86.ActiveCfg = Release|Any CPU
		{9E92F5E0-7DDC-4CFA-B558-A7CBD333FFF2}.Release|x86.Build.0 = Release|Any CPU
	EndGlobalSection
	GlobalSection(SolutionProperties) = preSolution
		HideSolutionNode = FALSE
	EndGlobalSection
	GlobalSection(NestedProjects) = preSolution
		{593E9BFD-BE78-4487-9E22-76AE7DF0B84A} = {EC011E45-58FE-47D9-ADF1-ADD90F6204BF}
		{990EBBEA-0005-4D43-A4FA-2606F46AD80B} = {FB3023D4-4587-4FEC-8ED6-F13128E1565E}
		{E7781C0B-E040-4D1A-A929-92FF22AEA95D} = {EC011E45-58FE-47D9-ADF1-ADD90F6204BF}
		{E85C5813-1373-4BB3-8B6F-D275E9CAB487} = {EC011E45-58FE-47D9-ADF1-ADD90F6204BF}
		{223BA18E-A52E-4065-BB6D-697E486EC78B} = {FB3023D4-4587-4FEC-8ED6-F13128E1565E}
		{0C220706-3397-42CE-9347-0028F88A616F} = {FB3023D4-4587-4FEC-8ED6-F13128E1565E}
		{8A6EB81B-8118-4820-92B4-34C178E0D0E4} = {ED52247B-B450-488C-9314-654A7508ECB1}
		{D5134BF8-5E58-4625-9893-AF72B8F8323D} = {3D2E2BB5-F7DF-44B5-AE61-87E464FB943E}
		{597D95A4-BDB8-4A29-B48C-517101DAD0C9} = {3D2E2BB5-F7DF-44B5-AE61-87E464FB943E}
		{E6108CD1-C6DC-4FEB-BFF1-BC54D8434FF4} = {D9374C89-1EFA-4807-962B-5609EC107C00}
	EndGlobalSection
EndGlobal
